{
  "lockfileVersion": 1,
  "configVersion": 1,
  "workspaces": {
    "": {
      "name": "bun-playground",
      "dependencies": {
        "handlebars": "4.7.8",
        "json-schema-to-ts": "3.1.1",
      },
      "devDependencies": {
        "@biomejs/biome": "2.4.3",
        "@types/bun": "latest",
        "@types/json-schema": "7.0.15",
        "lefthook": "2.1.1",
      },
      "peerDependencies": {
        "typescript": "^5",
      },
    },
  },
  "packages": {
    "@babel/runtime": ["@babel/runtime@7.28.6", "", {}, "sha512-05WQkdpL9COIMz4LjTxGpPNCdlpyimKppYNoJ5Di5EUObifl8t4tuLuUBBZEpoLYOmfvIWrsp9fCl0HoPRVTdA=="],

    "@biomejs/biome": ["@biomejs/biome@2.4.3", "", { "optionalDependencies": { "@biomejs/cli-darwin-arm64": "2.4.3", "@biomejs/cli-darwin-x64": "2.4.3", "@biomejs/cli-linux-arm64": "2.4.3", "@biomejs/cli-linux-arm64-musl": "2.4.3", "@biomejs/cli-linux-x64": "2.4.3", "@biomejs/cli-linux-x64-musl": "2.4.3", "@biomejs/cli-win32-arm64": "2.4.3", "@biomejs/cli-win32-x64": "2.4.3" }, "bin": { "biome": "bin/biome" } }, "sha512-cBrjf6PNF6yfL8+kcNl85AjiK2YHNsbU0EvDOwiZjBPbMbQ5QcgVGFpjD0O52p8nec5O8NYw7PKw3xUR7fPAkQ=="],

    "@biomejs/cli-darwin-arm64": ["@biomejs/cli-darwin-arm64@2.4.3", "", { "os": "darwin", "cpu": "arm64" }, "sha512-eOafSFlI/CF4id2tlwq9CVHgeEqvTL5SrhWff6ZORp6S3NL65zdsR3ugybItkgF8Pf4D9GSgtbB6sE3UNgOM9w=="],

    "@biomejs/cli-darwin-x64": ["@biomejs/cli-darwin-x64@2.4.3", "", { "os": "darwin", "cpu": "x64" }, "sha512-V2+av4ilbWcBMNufTtMMXVW00nPwyIjI5qf7n9wSvUaZ+tt0EvMGk46g9sAFDJBEDOzSyoRXiSP6pCvKTOEbPA=="],

    "@biomejs/cli-linux-arm64": ["@biomejs/cli-linux-arm64@2.4.3", "", { "os": "linux", "cpu": "arm64" }, "sha512-0m+O0x9FgK99FAwDK+fiDtjs2wnqq7bvfj17KJVeCkTwT/liI+Q9njJG7lwXK0iSJVXeFNRIxukpVI3SifMYAA=="],

    "@biomejs/cli-linux-arm64-musl": ["@biomejs/cli-linux-arm64-musl@2.4.3", "", { "os": "linux", "cpu": "arm64" }, "sha512-QuFzvsGo8BA4Xm7jGX5idkw6BqFblcCPySMTvq0AhGYnhUej5VJIDJbmTKfHqwjHepZiC4fA+T5i6wmiZolZNw=="],

    "@biomejs/cli-linux-x64": ["@biomejs/cli-linux-x64@2.4.3", "", { "os": "linux", "cpu": "x64" }, "sha512-NVqh0saIU0u5OfOp/0jFdlKRE59+XyMvWmtx0f6Nm/2OpdxBl04coRIftBbY9d1gfu+23JVv4CItAqPYrjYh5w=="],

    "@biomejs/cli-linux-x64-musl": ["@biomejs/cli-linux-x64-musl@2.4.3", "", { "os": "linux", "cpu": "x64" }, "sha512-qEc0OCpj/uytruQ4wLM0yWNJLZy0Up8H1Er5MW3SrstqM6J2d4XqdNA86xzCy8MQCHpoVZ3lFye3GBlIL4/ljw=="],

    "@biomejs/cli-win32-arm64": ["@biomejs/cli-win32-arm64@2.4.3", "", { "os": "win32", "cpu": "arm64" }, "sha512-gRO96vrIARilv/Cp2ZnmNNL5LSZg3RO75GPp13hsLO3N4YVpE7saaMDp2bcyV48y2N2Pbit1brkGVGta0yd6VQ=="],

    "@biomejs/cli-win32-x64": ["@biomejs/cli-win32-x64@2.4.3", "", { "os": "win32", "cpu": "x64" }, "sha512-vSm/vOJe06pf14aGHfHl3Ar91Nlx4YYmohElDJ+17UbRwe99n987S/MhAlQOkONqf1utJor04ChkCPmKb8SWdw=="],

    "@types/bun": ["@types/bun@1.3.9", "", { "dependencies": { "bun-types": "1.3.9" } }, "sha512-KQ571yULOdWJiMH+RIWIOZ7B2RXQGpL1YQrBtLIV3FqDcCu6FsbFUBwhdKUlCKUpS3PJDsHlJ1QKlpxoVR+xtw=="],

    "@types/json-schema": ["@types/json-schema@7.0.15", "", {}, "sha512-5+fP8P8MFNC+AyZCDxrB2pkZFPGzqQWUzpSeuuVLvm8VMcorNYavBqoFcxK8bQz4Qsbn4oUEEem4wDLfcysGHA=="],

    "@types/node": ["@types/node@25.3.0", "", { "dependencies": { "undici-types": "~7.18.0" } }, "sha512-4K3bqJpXpqfg2XKGK9bpDTc6xO/xoUP/RBWS7AtRMug6zZFaRekiLzjVtAoZMquxoAbzBvy5nxQ7veS5eYzf8A=="],

    "bun-types": ["bun-types@1.3.9", "", { "dependencies": { "@types/node": "*" } }, "sha512-+UBWWOakIP4Tswh0Bt0QD0alpTY8cb5hvgiYeWCMet9YukHbzuruIEeXC2D7nMJPB12kbh8C7XJykSexEqGKJg=="],

    "handlebars": ["handlebars@4.7.8", "", { "dependencies": { "minimist": "^1.2.5", "neo-async": "^2.6.2", "source-map": "^0.6.1", "wordwrap": "^1.0.0" }, "optionalDependencies": { "uglify-js": "^3.1.4" }, "bin": { "handlebars": "bin/handlebars" } }, "sha512-vafaFqs8MZkRrSX7sFVUdo3ap/eNiLnb4IakshzvP56X5Nr1iGKAIqdX6tMlm6HcNRIkr6AxO5jFEoJzzpT8aQ=="],

    "json-schema-to-ts": ["json-schema-to-ts@3.1.1", "", { "dependencies": { "@babel/runtime": "^7.18.3", "ts-algebra": "^2.0.0" } }, "sha512-+DWg8jCJG2TEnpy7kOm/7/AxaYoaRbjVB4LFZLySZlWn8exGs3A4OLJR966cVvU26N7X9TWxl+Jsw7dzAqKT6g=="],

    "lefthook": ["lefthook@2.1.1", "", { "optionalDependencies": { "lefthook-darwin-arm64": "2.1.1", "lefthook-darwin-x64": "2.1.1", "lefthook-freebsd-arm64": "2.1.1", "lefthook-freebsd-x64": "2.1.1", "lefthook-linux-arm64": "2.1.1", "lefthook-linux-x64": "2.1.1", "lefthook-openbsd-arm64": "2.1.1", "lefthook-openbsd-x64": "2.1.1", "lefthook-windows-arm64": "2.1.1", "lefthook-windows-x64": "2.1.1" }, "bin": { "lefthook": "bin/index.js" } }, "sha512-Tl9h9c+sG3ShzTHKuR3LAIblnnh+Mgxnm2Ul7yu9cu260Z27LEbO3V6Zw4YZFP59/2rlD42pt/llYsQCkkCFzw=="],

    "lefthook-darwin-arm64": ["lefthook-darwin-arm64@2.1.1", "", { "os": "darwin", "cpu": "arm64" }, "sha512-O/RS1j03/Fnq5zCzEb2r7UOBsqPeBuf1C5pMkIJcO4TSE6hf3rhLUkcorKc2M5ni/n5zLGtzQUXHV08/fSAT3Q=="],

    "lefthook-darwin-x64": ["lefthook-darwin-x64@2.1.1", "", { "os": "darwin", "cpu": "x64" }, "sha512-mm/kdKl81ROPoYnj9XYk5JDqj+/6Al8w/SSPDfhItkLJyl4pqS+hWUOP6gDGrnuRk8S0DvJ2+hzhnDsQnZohWQ=="],

    "lefthook-freebsd-arm64": ["lefthook-freebsd-arm64@2.1.1", "", { "os": "freebsd", "cpu": "arm64" }, "sha512-F7JXlKmjxGqGbCWPLND0bVB4DMQezIe48pEwTlUQZbxh450c2gP5Q8FdttMZKOT163kBGGTqJAJSEC6zW+QSxA=="],

    "lefthook-freebsd-x64": ["lefthook-freebsd-x64@2.1.1", "", { "os": "freebsd", "cpu": "x64" }, "sha512-Po8/lJMqNzKSZPuEI46dLuWoBoXtAxCuRpeOh6DAV/M4RhBynaCu8rLMZ9BqF7cVbZEWoplOmYo6HdOuiYpCkQ=="],

    "lefthook-linux-arm64": ["lefthook-linux-arm64@2.1.1", "", { "os": "linux", "cpu": "arm64" }, "sha512-mI2ljFgPEqHxI8vrN9nKgnVu63Rz1KisDbPwlvs7BTYNwq3sncdK5ukpGR4zzWdh6saNJ5tCtHEtep5GQI11nw=="],

    "lefthook-linux-x64": ["lefthook-linux-x64@2.1.1", "", { "os": "linux", "cpu": "x64" }, "sha512-m3G/FaxC+crxeg9XeaUuHfEoL+i9gbkg2Hp2KD2IcVVIxprqlyqf0Hb8zbLV2NMXuo5RSGokJu44oAoTO3Ou2g=="],

    "lefthook-openbsd-arm64": ["lefthook-openbsd-arm64@2.1.1", "", { "os": "openbsd", "cpu": "arm64" }, "sha512-gz/8FJPvhjOdOFt1GmFvuvDOe+W+BBRjoeAT1/mTgkN7HCXMXgqNjjvakQKQeGz1I1v08wXG1ZNf5y+T9XBCDQ=="],

    "lefthook-openbsd-x64": ["lefthook-openbsd-x64@2.1.1", "", { "os": "openbsd", "cpu": "x64" }, "sha512-ch3lyMUtbmtWUufaQVn4IoEs/2hjK51XqaCdY1mh5ca//VctR1peknIwQ5feHu+vATCDviWQ7HsdNDewm3HMPg=="],

    "lefthook-windows-arm64": ["lefthook-windows-arm64@2.1.1", "", { "os": "win32", "cpu": "arm64" }, "sha512-mm3PZhKDs9FE/jQDimkfWxtoj9xQ2k8uw2MdhtC825bhvIh+MEi0WFj/MOW+ug0RBg0I55tGYzZ5aVuozAWpTQ=="],

    "lefthook-windows-x64": ["lefthook-windows-x64@2.1.1", "", { "os": "win32", "cpu": "x64" }, "sha512-1L2oGIzmhfOTxfwbe5mpSQ+m3ilpvGNymwIhn4UHq6hwHsUL6HEhODqx02GfBn6OXpVIr56bvdBAusjL/SVYGQ=="],

    "minimist": ["minimist@1.2.8", "", {}, "sha512-2yyAR8qBkN3YuheJanUpWC5U3bb5osDywNB8RzDVlDwDHbocAJveqqj1u8+SVD7jkWT4yvsHCpWqqWqAxb0zCA=="],

    "neo-async": ["neo-async@2.6.2", "", {}, "sha512-Yd3UES5mWCSqR+qNT93S3UoYUkqAZ9lLg8a7g9rimsWmYGK8cVToA4/sF3RrshdyV3sAGMXVUmpMYOw+dLpOuw=="],

    "source-map": ["source-map@0.6.1", "", {}, "sha512-UjgapumWlbMhkBgzT7Ykc5YXUT46F0iKu8SGXq0bcwP5dz/h0Plj6enJqjz1Zbq2l5WaqYnrVbwWOWMyF3F47g=="],

    "ts-algebra": ["ts-algebra@2.0.0", "", {}, "sha512-FPAhNPFMrkwz76P7cdjdmiShwMynZYN6SgOujD1urY4oNm80Ou9oMdmbR45LotcKOXoy7wSmHkRFE6Mxbrhefw=="],

    "typescript": ["typescript@5.9.3", "", { "bin": { "tsc": "bin/tsc", "tsserver": "bin/tsserver" } }, "sha512-jl1vZzPDinLr9eUt3J/t7V6FgNEw9QjvBPdysz9KfQDD41fQrC2Y4vKQdiaUpFT4bXlb1RHhLpp8wtm6M5TgSw=="],

    "uglify-js": ["uglify-js@3.19.3", "", { "bin": { "uglifyjs": "bin/uglifyjs" } }, "sha512-v3Xu+yuwBXisp6QYTcH4UbH+xYJXqnq2m/LtQVWKWzYc1iehYnLixoQDN9FH6/j9/oybfd6W9Ghwkl8+UMKTKQ=="],

    "undici-types": ["undici-types@7.18.2", "", {}, "sha512-AsuCzffGHJybSaRrmr5eHr81mwJU3kjw6M+uprWvCXiNeN9SOGwQ3Jn8jb8m3Z6izVgknn1R0FTCEAP2QrLY/w=="],

    "wordwrap": ["wordwrap@1.0.0", "", {}, "sha512-gvVzJFlPycKc5dZN4yPkP8w7Dc37BtP1yczEneOb4uq34pXZcvrtRTmWV8W+Ume+XCxKgbjM+nevkyFPMybd4Q=="],
  }
}
